
Microsoft Visual Studio Solution File, Format Version 12.00
# Visual Studio Version 17
VisualStudioVersion = 17.0.31903.59
MinimumVisualStudioVersion = 10.0.40219.1
Project("{2150E333-8FDC-42A3-9474-1A3956D46DE8}") = "src", "src", "{A6F6574A-E307-4909-AB5C-5770B72D548B}"
EndProject
Project("{FAE04EC0-301F-11D3-BF4B-00C04F79EFBC}") = "AdsTestServer", "src\AdsTestServer\AdsTestServer.csproj", "{BCC1F9EE-81AA-45D2-AFCD-48C82F86EFC9}"
EndProject
Project("{FAE04EC0-301F-11D3-BF4B-00C04F79EFBC}") = "AdsTestClient", "src\AdsTestClient\AdsTestClient.csproj", "{1FAAB921-27F3-4925-88B9-5FF6CB105B64}"
EndProject
Global
	GlobalSection(SolutionConfigurationPlatforms) = preSolution
		Debug|Any CPU = Debug|Any CPU
		Release|Any CPU = Release|Any CPU
	EndGlobalSection
	GlobalSection(SolutionProperties) = preSolution
		HideSolutionNode = FALSE
	EndGlobalSection
	GlobalSection(ProjectConfigurationPlatforms) = postSolution
		{BCC1F9EE-81AA-45D2-AFCD-48C82F86EFC9}.Debug|Any CPU.ActiveCfg = Debug|Any CPU
		{BCC1F9EE-81AA-45D2-AFCD-48C82F86EFC9}.Debug|Any CPU.Build.0 = Debug|Any CPU
		{BCC1F9EE-81AA-45D2-AFCD-48C82F86EFC9}.Release|Any CPU.ActiveCfg = Release|Any CPU
		{BCC1F9EE-81AA-45D2-AFCD-48C82F86EFC9}.Release|Any CPU.Build.0 = Release|Any CPU
		{1FAAB921-27F3-4925-88B9-5FF6CB105B64}.Debug|Any CPU.ActiveCfg = Debug|Any CPU
		{1FAAB921-27F3-4925-88B9-5FF6CB105B64}.Debug|Any CPU.Build.0 = Debug|Any CPU
		{1FAAB921-27F3-4925-88B9-5FF6CB105B64}.Release|Any CPU.ActiveCfg = Release|Any CPU
		{1FAAB921-27F3-4925-88B9-5FF6CB105B64}.Release|Any CPU.Build.0 = Release|Any CPU
	EndGlobalSection
	GlobalSection(NestedProjects) = preSolution
		{BCC1F9EE-81AA-45D2-AFCD-48C82F86EFC9} = {A6F6574A-E307-4909-AB5C-5770B72D548B}
		{1FAAB921-27F3-4925-88B9-5FF6CB105B64} = {A6F6574A-E307-4909-AB5C-5770B72D548B}
	EndGlobalSection
EndGlobal
